
Microsoft Visual Studio Solution File, Format Version 12.00
# Visual Studio 2012
Project("{FAE04EC0-301F-11D3-BF4B-00C04F79EFBC}") = "google-apis", "google-apis\google-apis.csproj", "{23F2AACB-F481-4EB5-8578-C0F1D0EC293D}"
EndProject
Global
	GlobalSection(SolutionConfigurationPlatforms) = preSolution
		Debug|x86 = Debug|x86
		Release|x86 = Release|x86
	EndGlobalSection
	GlobalSection(ProjectConfigurationPlatforms) = postSolution
		{23F2AACB-F481-4EB5-8578-C0F1D0EC293D}.Debug|x86.ActiveCfg = Debug|x86
		{23F2AACB-F481-4EB5-8578-C0F1D0EC293D}.Debug|x86.Build.0 = Debug|x86
		{23F2AACB-F481-4EB5-8578-C0F1D0EC293D}.Release|x86.ActiveCfg = Release|x86
		{23F2AACB-F481-4EB5-8578-C0F1D0EC293D}.Release|x86.Build.0 = Release|x86
	EndGlobalSection
EndGlobal
